
Microsoft Visual Studio Solution File, Format Version 12.00
# Visual Studio Version 17
VisualStudioVersion = 17.0.31903.59
MinimumVisualStudioVersion = 10.0.40219.1
Project("{8BC9CEB8-8B4A-11D0-8D11-00A0C91BC942}") = "MiniPlayer", "MiniPlayer\MiniPlayer.vcxproj", "{C0D576F2-7236-4048-BAC5-32196449CE22}"
	ProjectSection(ProjectDependencies) = postProject
		{ABA64ABB-38EC-435B-A3A7-6E46C1C79F9B} = {ABA64ABB-38EC-435B-A3A7-6E46C1C79F9B}
	EndProjectSection
EndProject
Project("{8BC9CEB8-8B4A-11D0-8D11-00A0C91BC942}") = "MiniPlayerCore", "MiniPlayerCore\MiniPlayerCore.vcxproj", "{ABA64ABB-38EC-435B-A3A7-6E46C1C79F9B}"
EndProject
Project("{2150E333-8FDC-42A3-9474-1A3956D46DE8}") = "Decoders", "Decoders", "{702D0B63-1DA9-4C37-9841-CAE7AA5C4B1D}"
EndProject
Project("{8BC9CEB8-8B4A-11D0-8D11-00A0C91BC942}") = "libmpg123", "MiniPlayerCore\Decorders\libmpg123\libmpg123.vcxproj", "{6BCD68FD-DB8D-4FDA-B208-8DE9CA38B02A}"
EndProject
Project("{8BC9CEB8-8B4A-11D0-8D11-00A0C91BC942}") = "libogg", "MiniPlayerCore\Decorders\libogg\libogg.vcxproj", "{15CBFEFF-7965-41F5-B4E2-21E8795C9159}"
EndProject
Project("{8BC9CEB8-8B4A-11D0-8D11-00A0C91BC942}") = "libvorbis", "MiniPlayerCore\Decorders\libvorbis\libvorbis.vcxproj", "{3A214E06-B95E-4D61-A291-1F8DF2EC10FD}"
EndProject
Project("{8BC9CEB8-8B4A-11D0-8D11-00A0C91BC942}") = "libFLAC_static", "MiniPlayerCore\Decorders\libFLAC\libFLAC_static.vcxproj", "{ADF45FC5-456D-4544-A24C-19487C74E34A}"
EndProject
Project("{8BC9CEB8-8B4A-11D0-8D11-00A0C91BC942}") = "libfaac", "MiniPlayerCore\Decorders\faac\libfaac\libfaac.vcxproj", "{56DFCBB3-E006-453A-9895-79F9D169DA52}"
EndProject
Project("{8BC9CEB8-8B4A-11D0-8D11-00A0C91BC942}") = "libfaad", "MiniPlayerCore\Decorders\faad\libfaad\libfaad.vcxproj", "{FC8D0291-9C82-4476-8C35-3A5F9C5D32B1}"
EndProject
Global
	GlobalSection(SolutionConfigurationPlatforms) = preSolution
		Debug|x64 = Debug|x64
		Debug|x86 = Debug|x86
		Release_SSE|x64 = Release_SSE|x64
		Release_SSE|x86 = Release_SSE|x86
		Release_SSE2|x64 = Release_SSE2|x64
		Release_SSE2|x86 = Release_SSE2|x86
		Release|x64 = Release|x64
		Release|x86 = Release|x86
	EndGlobalSection
	GlobalSection(ProjectConfigurationPlatforms) = postSolution
		{C0D576F2-7236-4048-BAC5-32196449CE22}.Debug|x64.ActiveCfg = Debug|x64
		{C0D576F2-7236-4048-BAC5-32196449CE22}.Debug|x64.Build.0 = Debug|x64
		{C0D576F2-7236-4048-BAC5-32196449CE22}.Debug|x86.ActiveCfg = Debug|Win32
		{C0D576F2-7236-4048-BAC5-32196449CE22}.Debug|x86.Build.0 = Debug|Win32
		{C0D576F2-7236-4048-BAC5-32196449CE22}.Release_SSE|x64.ActiveCfg = Release|x64
		{C0D576F2-7236-4048-BAC5-32196449CE22}.Release_SSE|x64.Build.0 = Release|x64
		{C0D576F2-7236-4048-BAC5-32196449CE22}.Release_SSE|x86.ActiveCfg = Release|Win32
		{C0D576F2-7236-4048-BAC5-32196449CE22}.Release_SSE|x86.Build.0 = Release|Win32
		{C0D576F2-7236-4048-BAC5-32196449CE22}.Release_SSE2|x64.ActiveCfg = Release|x64
		{C0D576F2-7236-4048-BAC5-32196449CE22}.Release_SSE2|x64.Build.0 = Release|x64
		{C0D576F2-7236-4048-BAC5-32196449CE22}.Release_SSE2|x86.ActiveCfg = Release|Win32
		{C0D576F2-7236-4048-BAC5-32196449CE22}.Release_SSE2|x86.Build.0 = Release|Win32
		{C0D576F2-7236-4048-BAC5-32196449CE22}.Release|x64.ActiveCfg = Release|x64
		{C0D576F2-7236-4048-BAC5-32196449CE22}.Release|x64.Build.0 = Release|x64
		{C0D576F2-7236-4048-BAC5-32196449CE22}.Release|x86.ActiveCfg = Release|Win32
		{C0D576F2-7236-4048-BAC5-32196449CE22}.Release|x86.Build.0 = Release|Win32
		{ABA64ABB-38EC-435B-A3A7-6E46C1C79F9B}.Debug|x64.ActiveCfg = Debug|x64
		{ABA64ABB-38EC-435B-A3A7-6E46C1C79F9B}.Debug|x64.Build.0 = Debug|x64
		{ABA64ABB-38EC-435B-A3A7-6E46C1C79F9B}.Debug|x86.ActiveCfg = Debug|Win32
		{ABA64ABB-38EC-435B-A3A7-6E46C1C79F9B}.Debug|x86.Build.0 = Debug|Win32
		{ABA64ABB-38EC-435B-A3A7-6E46C1C79F9B}.Release_SSE|x64.ActiveCfg = Release|x64
		{ABA64ABB-38EC-435B-A3A7-6E46C1C79F9B}.Release_SSE|x64.Build.0 = Release|x64
		{ABA64ABB-38EC-435B-A3A7-6E46C1C79F9B}.Release_SSE|x86.ActiveCfg = Release|Win32
		{ABA64ABB-38EC-435B-A3A7-6E46C1C79F9B}.Release_SSE|x86.Build.0 = Release|Win32
		{ABA64ABB-38EC-435B-A3A7-6E46C1C79F9B}.Release_SSE2|x64.ActiveCfg = Release|x64
		{ABA64ABB-38EC-435B-A3A7-6E46C1C79F9B}.Release_SSE2|x64.Build.0 = Release|x64
		{ABA64ABB-38EC-435B-A3A7-6E46C1C79F9B}.Release_SSE2|x86.ActiveCfg = Release|Win32
		{ABA64ABB-38EC-435B-A3A7-6E46C1C79F9B}.Release_SSE2|x86.Build.0 = Release|Win32
		{ABA64ABB-38EC-435B-A3A7-6E46C1C79F9B}.Release|x64.ActiveCfg = Release|x64
		{ABA64ABB-38EC-435B-A3A7-6E46C1C79F9B}.Release|x64.Build.0 = Release|x64
		{ABA64ABB-38EC-435B-A3A7-6E46C1C79F9B}.Release|x86.ActiveCfg = Release|Win32
		{ABA64ABB-38EC-435B-A3A7-6E46C1C79F9B}.Release|x86.Build.0 = Release|Win32
		{6BCD68FD-DB8D-4FDA-B208-8DE9CA38B02A}.Debug|x64.ActiveCfg = Debug|x64
		{6BCD68FD-DB8D-4FDA-B208-8DE9CA38B02A}.Debug|x64.Build.0 = Debug|x64
		{6BCD68FD-DB8D-4FDA-B208-8DE9CA38B02A}.Debug|x86.ActiveCfg = Debug|Win32
		{6BCD68FD-DB8D-4FDA-B208-8DE9CA38B02A}.Debug|x86.Build.0 = Debug|Win32
		{6BCD68FD-DB8D-4FDA-B208-8DE9CA38B02A}.Release_SSE|x64.ActiveCfg = Release|x64
		{6BCD68FD-DB8D-4FDA-B208-8DE9CA38B02A}.Release_SSE|x64.Build.0 = Release|x64
		{6BCD68FD-DB8D-4FDA-B208-8DE9CA38B02A}.Release_SSE|x86.ActiveCfg = Release|Win32
		{6BCD68FD-DB8D-4FDA-B208-8DE9CA38B02A}.Release_SSE|x86.Build.0 = Release|Win32
		{6BCD68FD-DB8D-4FDA-B208-8DE9CA38B02A}.Release_SSE2|x64.ActiveCfg = Release|x64
		{6BCD68FD-DB8D-4FDA-B208-8DE9CA38B02A}.Release_SSE2|x64.Build.0 = Release|x64
		{6BCD68FD-DB8D-4FDA-B208-8DE9CA38B02A}.Release_SSE2|x86.ActiveCfg = Release|Win32
		{6BCD68FD-DB8D-4FDA-B208-8DE9CA38B02A}.Release_SSE2|x86.Build.0 = Release|Win32
		{6BCD68FD-DB8D-4FDA-B208-8DE9CA38B02A}.Release|x64.ActiveCfg = Release|x64
		{6BCD68FD-DB8D-4FDA-B208-8DE9CA38B02A}.Release|x64.Build.0 = Release|x64
		{6BCD68FD-DB8D-4FDA-B208-8DE9CA38B02A}.Release|x86.ActiveCfg = Release|Win32
		{6BCD68FD-DB8D-4FDA-B208-8DE9CA38B02A}.Release|x86.Build.0 = Release|Win32
		{15CBFEFF-7965-41F5-B4E2-21E8795C9159}.Debug|x64.ActiveCfg = Debug|Win32
		{15CBFEFF-7965-41F5-B4E2-21E8795C9159}.Debug|x64.Build.0 = Debug|Win32
		{15CBFEFF-7965-41F5-B4E2-21E8795C9159}.Debug|x86.ActiveCfg = Debug|Win32
		{15CBFEFF-7965-41F5-B4E2-21E8795C9159}.Debug|x86.Build.0 = Debug|Win32
		{15CBFEFF-7965-41F5-B4E2-21E8795C9159}.Release_SSE|x64.ActiveCfg = Release_SSE|Win32
		{15CBFEFF-7965-41F5-B4E2-21E8795C9159}.Release_SSE|x64.Build.0 = Release_SSE|Win32
		{15CBFEFF-7965-41F5-B4E2-21E8795C9159}.Release_SSE|x86.ActiveCfg = Release_SSE|Win32
		{15CBFEFF-7965-41F5-B4E2-21E8795C9159}.Release_SSE|x86.Build.0 = Release_SSE|Win32
		{15CBFEFF-7965-41F5-B4E2-21E8795C9159}.Release_SSE2|x64.ActiveCfg = Release_SSE2|Win32
		{15CBFEFF-7965-41F5-B4E2-21E8795C9159}.Release_SSE2|x64.Build.0 = Release_SSE2|Win32
		{15CBFEFF-7965-41F5-B4E2-21E8795C9159}.Release_SSE2|x86.ActiveCfg = Release_SSE2|Win32
		{15CBFEFF-7965-41F5-B4E2-21E8795C9159}.Release_SSE2|x86.Build.0 = Release_SSE2|Win32
		{15CBFEFF-7965-41F5-B4E2-21E8795C9159}.Release|x64.ActiveCfg = Release|Win32
		{15CBFEFF-7965-41F5-B4E2-21E8795C9159}.Release|x64.Build.0 = Release|Win32
		{15CBFEFF-7965-41F5-B4E2-21E8795C9159}.Release|x86.ActiveCfg = Release|Win32
		{15CBFEFF-7965-41F5-B4E2-21E8795C9159}.Release|x86.Build.0 = Release|Win32
		{3A214E06-B95E-4D61-A291-1F8DF2EC10FD}.Debug|x64.ActiveCfg = Debug|Win32
		{3A214E06-B95E-4D61-A291-1F8DF2EC10FD}.Debug|x64.Build.0 = Debug|Win32
		{3A214E06-B95E-4D61-A291-1F8DF2EC10FD}.Debug|x86.ActiveCfg = Debug|Win32
		{3A214E06-B95E-4D61-A291-1F8DF2EC10FD}.Debug|x86.Build.0 = Debug|Win32
		{3A214E06-B95E-4D61-A291-1F8DF2EC10FD}.Release_SSE|x64.ActiveCfg = Release_SSE|Win32
		{3A214E06-B95E-4D61-A291-1F8DF2EC10FD}.Release_SSE|x64.Build.0 = Release_SSE|Win32
		{3A214E06-B95E-4D61-A291-1F8DF2EC10FD}.Release_SSE|x86.ActiveCfg = Release_SSE|Win32
		{3A214E06-B95E-4D61-A291-1F8DF2EC10FD}.Release_SSE|x86.Build.0 = Release_SSE|Win32
		{3A214E06-B95E-4D61-A291-1F8DF2EC10FD}.Release_SSE2|x64.ActiveCfg = Release_SSE2|Win32
		{3A214E06-B95E-4D61-A291-1F8DF2EC10FD}.Release_SSE2|x64.Build.0 = Release_SSE2|Win32
		{3A214E06-B95E-4D61-A291-1F8DF2EC10FD}.Release_SSE2|x86.ActiveCfg = Release_SSE2|Win32
		{3A214E06-B95E-4D61-A291-1F8DF2EC10FD}.Release_SSE2|x86.Build.0 = Release_SSE2|Win32
		{3A214E06-B95E-4D61-A291-1F8DF2EC10FD}.Release|x64.ActiveCfg = Release|Win32
		{3A214E06-B95E-4D61-A291-1F8DF2EC10FD}.Release|x64.Build.0 = Release|Win32
		{3A214E06-B95E-4D61-A291-1F8DF2EC10FD}.Release|x86.ActiveCfg = Release|Win32
		{3A214E06-B95E-4D61-A291-1F8DF2EC10FD}.Release|x86.Build.0 = Release|Win32
		{ADF45FC5-456D-4544-A24C-19487C74E34A}.Debug|x64.ActiveCfg = Debug|Win32
		{ADF45FC5-456D-4544-A24C-19487C74E34A}.Debug|x64.Build.0 = Debug|Win32
		{ADF45FC5-456D-4544-A24C-19487C74E34A}.Debug|x86.ActiveCfg = Debug|Win32
		{ADF45FC5-456D-4544-A24C-19487C74E34A}.Debug|x86.Build.0 = Debug|Win32
		{ADF45FC5-456D-4544-A24C-19487C74E34A}.Release_SSE|x64.ActiveCfg = Debug|Win32
		{ADF45FC5-456D-4544-A24C-19487C74E34A}.Release_SSE|x64.Build.0 = Debug|Win32
		{ADF45FC5-456D-4544-A24C-19487C74E34A}.Release_SSE|x86.ActiveCfg = Release|Win32
		{ADF45FC5-456D-4544-A24C-19487C74E34A}.Release_SSE|x86.Build.0 = Release|Win32
		{ADF45FC5-456D-4544-A24C-19487C74E34A}.Release_SSE2|x64.ActiveCfg = Debug|Win32
		{ADF45FC5-456D-4544-A24C-19487C74E34A}.Release_SSE2|x64.Build.0 = Debug|Win32
		{ADF45FC5-456D-4544-A24C-19487C74E34A}.Release_SSE2|x86.ActiveCfg = Release|Win32
		{ADF45FC5-456D-4544-A24C-19487C74E34A}.Release_SSE2|x86.Build.0 = Release|Win32
		{ADF45FC5-456D-4544-A24C-19487C74E34A}.Release|x64.ActiveCfg = Release|Win32
		{ADF45FC5-456D-4544-A24C-19487C74E34A}.Release|x64.Build.0 = Release|Win32
		{ADF45FC5-456D-4544-A24C-19487C74E34A}.Release|x86.ActiveCfg = Release|Win32
		{ADF45FC5-456D-4544-A24C-19487C74E34A}.Release|x86.Build.0 = Release|Win32
		{56DFCBB3-E006-453A-9895-79F9D169DA52}.Debug|x64.ActiveCfg = Debug|Win32
		{56DFCBB3-E006-453A-9895-79F9D169DA52}.Debug|x64.Build.0 = Debug|Win32
		{56DFCBB3-E006-453A-9895-79F9D169DA52}.Debug|x86.ActiveCfg = Debug|Win32
		{56DFCBB3-E006-453A-9895-79F9D169DA52}.Debug|x86.Build.0 = Debug|Win32
		{56DFCBB3-E006-453A-9895-79F9D169DA52}.Release_SSE|x64.ActiveCfg = Debug|Win32
		{56DFCBB3-E006-453A-9895-79F9D169DA52}.Release_SSE|x64.Build.0 = Debug|Win32
		{56DFCBB3-E006-453A-9895-79F9D169DA52}.Release_SSE|x86.ActiveCfg = Release|Win32
		{56DFCBB3-E006-453A-9895-79F9D169DA52}.Release_SSE|x86.Build.0 = Release|Win32
		{56DFCBB3-E006-453A-9895-79F9D169DA52}.Release_SSE2|x64.ActiveCfg = Debug|Win32
		{56DFCBB3-E006-453A-9895-79F9D169DA52}.Release_SSE2|x64.Build.0 = Debug|Win32
		{56DFCBB3-E006-453A-9895-79F9D169DA52}.Release_SSE2|x86.ActiveCfg = Release|Win32
		{56DFCBB3-E006-453A-9895-79F9D169DA52}.Release_SSE2|x86.Build.0 = Release|Win32
		{56DFCBB3-E006-453A-9895-79F9D169DA52}.Release|x64.ActiveCfg = Release|Win32
		{56DFCBB3-E006-453A-9895-79F9D169DA52}.Release|x64.Build.0 = Release|Win32
		{56DFCBB3-E006-453A-9895-79F9D169DA52}.Release|x86.ActiveCfg = Release|Win32
		{56DFCBB3-E006-453A-9895-79F9D169DA52}.Release|x86.Build.0 = Release|Win32
		{FC8D0291-9C82-4476-8C35-3A5F9C5D32B1}.Debug|x64.ActiveCfg = Debug|Win32
		{FC8D0291-9C82-4476-8C35-3A5F9C5D32B1}.Debug|x64.Build.0 = Debug|Win32
		{FC8D0291-9C82-4476-8C35-3A5F9C5D32B1}.Debug|x86.ActiveCfg = Debug|Win32
		{FC8D0291-9C82-4476-8C35-3A5F9C5D32B1}.Debug|x86.Build.0 = Debug|Win32
		{FC8D0291-9C82-4476-8C35-3A5F9C5D32B1}.Release_SSE|x64.ActiveCfg = Debug|Win32
		{FC8D0291-9C82-4476-8C35-3A5F9C5D32B1}.Release_SSE|x64.Build.0 = Debug|Win32
		{FC8D0291-9C82-4476-8C35-3A5F9C5D32B1}.Release_SSE|x86.ActiveCfg = Release|Win32
		{FC8D0291-9C82-4476-8C35-3A5F9C5D32B1}.Release_SSE|x86.Build.0 = Release|Win32
		{FC8D0291-9C82-4476-8C35-3A5F9C5D32B1}.Release_SSE2|x64.ActiveCfg = Debug|Win32
		{FC8D0291-9C82-4476-8C35-3A5F9C5D32B1}.Release_SSE2|x64.Build.0 = Debug|Win32
		{FC8D0291-9C82-4476-8C35-3A5F9C5D32B1}.Release_SSE2|x86.ActiveCfg = Release|Win32
		{FC8D0291-9C82-4476-8C35-3A5F9C5D32B1}.Release_SSE2|x86.Build.0 = Release|Win32
		{FC8D0291-9C82-4476-8C35-3A5F9C5D32B1}.Release|x64.ActiveCfg = Release|Win32
		{FC8D0291-9C82-4476-8C35-3A5F9C5D32B1}.Release|x64.Build.0 = Release|Win32
		{FC8D0291-9C82-4476-8C35-3A5F9C5D32B1}.Release|x86.ActiveCfg = Release|Win32
		{FC8D0291-9C82-4476-8C35-3A5F9C5D32B1}.Release|x86.Build.0 = Release|Win32
	EndGlobalSection
	GlobalSection(SolutionProperties) = preSolution
		HideSolutionNode = FALSE
	EndGlobalSection
	GlobalSection(NestedProjects) = preSolution
		{6BCD68FD-DB8D-4FDA-B208-8DE9CA38B02A} = {702D0B63-1DA9-4C37-9841-CAE7AA5C4B1D}
		{15CBFEFF-7965-41F5-B4E2-21E8795C9159} = {702D0B63-1DA9-4C37-9841-CAE7AA5C4B1D}
		{3A214E06-B95E-4D61-A291-1F8DF2EC10FD} = {702D0B63-1DA9-4C37-9841-CAE7AA5C4B1D}
		{ADF45FC5-456D-4544-A24C-19487C74E34A} = {702D0B63-1DA9-4C37-9841-CAE7AA5C4B1D}
		{56DFCBB3-E006-453A-9895-79F9D169DA52} = {702D0B63-1DA9-4C37-9841-CAE7AA5C4B1D}
		{FC8D0291-9C82-4476-8C35-3A5F9C5D32B1} = {702D0B63-1DA9-4C37-9841-CAE7AA5C4B1D}
	EndGlobalSection
	GlobalSection(ExtensibilityGlobals) = postSolution
		SolutionGuid = {FC00AB6E-2869-4267-9D06-3ABAABC44EFB}
	EndGlobalSection
EndGlobal
